
Microsoft Visual Studio Solution File, Format Version 12.00
# Visual Studio Version 16
VisualStudioVersion = 16.0.31005.135
MinimumVisualStudioVersion = 10.0.40219.1
Project("{FAE04EC0-301F-11D3-BF4B-00C04F79EFBC}") = "EasyPlan4.0", "Modales\EasyPlan4.0.csproj", "{30858DA9-18A3-4D02-B54F-1510622DDE70}"
EndProject
Global
	GlobalSection(SolutionConfigurationPlatforms) = preSolution
		Debug|Any CPU = Debug|Any CPU
		Release|Any CPU = Release|Any CPU
	EndGlobalSection
	GlobalSection(ProjectConfigurationPlatforms) = postSolution
		{30858DA9-18A3-4D02-B54F-1510622DDE70}.Debug|Any CPU.ActiveCfg = Debug|Any CPU
		{30858DA9-18A3-4D02-B54F-1510622DDE70}.Debug|Any CPU.Build.0 = Debug|Any CPU
		{30858DA9-18A3-4D02-B54F-1510622DDE70}.Release|Any CPU.ActiveCfg = Release|Any CPU
		{30858DA9-18A3-4D02-B54F-1510622DDE70}.Release|Any CPU.Build.0 = Release|Any CPU
	EndGlobalSection
	GlobalSection(SolutionProperties) = preSolution
		HideSolutionNode = FALSE
	EndGlobalSection
	GlobalSection(ExtensibilityGlobals) = postSolution
		SolutionGuid = {82A8E75A-446F-4E47-95E3-C2E5184EE08B}
	EndGlobalSection
EndGlobal
